
Microsoft Visual Studio Solution File, Format Version 12.00
# Visual Studio 15
VisualStudioVersion = 15.0.27130.2027
MinimumVisualStudioVersion = 10.0.40219.1
Project("{FAE04EC0-301F-11D3-BF4B-00C04F79EFBC}") = "AppGit.Android", "AppGit\AppGit.Android\AppGit.Android.csproj", "{1C6E3CBB-8E2C-43F4-B231-C5B1EF9E5494}"
EndProject
Project("{FAE04EC0-301F-11D3-BF4B-00C04F79EFBC}") = "AppGit", "AppGit\AppGit\AppGit.csproj", "{629B7273-184D-4EEA-8DCE-A5D774D79AEB}"
EndProject
Global
	GlobalSection(SolutionConfigurationPlatforms) = preSolution
		Debug|Any CPU = Debug|Any CPU
		Release|Any CPU = Release|Any CPU
	EndGlobalSection
	GlobalSection(ProjectConfigurationPlatforms) = postSolution
		{1C6E3CBB-8E2C-43F4-B231-C5B1EF9E5494}.Debug|Any CPU.ActiveCfg = Debug|Any CPU
		{1C6E3CBB-8E2C-43F4-B231-C5B1EF9E5494}.Debug|Any CPU.Build.0 = Debug|Any CPU
		{1C6E3CBB-8E2C-43F4-B231-C5B1EF9E5494}.Debug|Any CPU.Deploy.0 = Debug|Any CPU
		{1C6E3CBB-8E2C-43F4-B231-C5B1EF9E5494}.Release|Any CPU.ActiveCfg = Release|Any CPU
		{1C6E3CBB-8E2C-43F4-B231-C5B1EF9E5494}.Release|Any CPU.Build.0 = Release|Any CPU
		{1C6E3CBB-8E2C-43F4-B231-C5B1EF9E5494}.Release|Any CPU.Deploy.0 = Release|Any CPU
		{629B7273-184D-4EEA-8DCE-A5D774D79AEB}.Debug|Any CPU.ActiveCfg = Debug|Any CPU
		{629B7273-184D-4EEA-8DCE-A5D774D79AEB}.Debug|Any CPU.Build.0 = Debug|Any CPU
		{629B7273-184D-4EEA-8DCE-A5D774D79AEB}.Release|Any CPU.ActiveCfg = Release|Any CPU
		{629B7273-184D-4EEA-8DCE-A5D774D79AEB}.Release|Any CPU.Build.0 = Release|Any CPU
	EndGlobalSection
	GlobalSection(SolutionProperties) = preSolution
		HideSolutionNode = FALSE
	EndGlobalSection
	GlobalSection(ExtensibilityGlobals) = postSolution
		SolutionGuid = {165C0AAB-449E-41D7-A079-35E5B9477761}
	EndGlobalSection
EndGlobal
